
Microsoft Visual Studio Solution File, Format Version 12.00
# Visual Studio 15
VisualStudioVersion = 15.0.28307.1062
MinimumVisualStudioVersion = 10.0.40219.1
Project("{FAE04EC0-301F-11D3-BF4B-00C04F79EFBC}") = "RabbitMQDemo", "RabbitMQDemo\RabbitMQDemo.csproj", "{9681E7BA-BD25-4413-8B6A-F179CB92EDAA}"
EndProject
Project("{FAE04EC0-301F-11D3-BF4B-00C04F79EFBC}") = "RabbitMQDll", "RabbitMQDll\RabbitMQDll.csproj", "{A3A304B6-1752-4314-B9A1-37FD95F7704E}"
EndProject
Project("{FAE04EC0-301F-11D3-BF4B-00C04F79EFBC}") = "RabbitMQModel", "RabbitMQModel\RabbitMQModel.csproj", "{1453B13E-512D-4C87-93A0-86A1694E838F}"
EndProject
Global
	GlobalSection(SolutionConfigurationPlatforms) = preSolution
		Debug|Any CPU = Debug|Any CPU
		Release|Any CPU = Release|Any CPU
	EndGlobalSection
	GlobalSection(ProjectConfigurationPlatforms) = postSolution
		{9681E7BA-BD25-4413-8B6A-F179CB92EDAA}.Debug|Any CPU.ActiveCfg = Debug|Any CPU
		{9681E7BA-BD25-4413-8B6A-F179CB92EDAA}.Debug|Any CPU.Build.0 = Debug|Any CPU
		{9681E7BA-BD25-4413-8B6A-F179CB92EDAA}.Release|Any CPU.ActiveCfg = Release|Any CPU
		{9681E7BA-BD25-4413-8B6A-F179CB92EDAA}.Release|Any CPU.Build.0 = Release|Any CPU
		{A3A304B6-1752-4314-B9A1-37FD95F7704E}.Debug|Any CPU.ActiveCfg = Debug|Any CPU
		{A3A304B6-1752-4314-B9A1-37FD95F7704E}.Debug|Any CPU.Build.0 = Debug|Any CPU
		{A3A304B6-1752-4314-B9A1-37FD95F7704E}.Release|Any CPU.ActiveCfg = Release|Any CPU
		{A3A304B6-1752-4314-B9A1-37FD95F7704E}.Release|Any CPU.Build.0 = Release|Any CPU
		{1453B13E-512D-4C87-93A0-86A1694E838F}.Debug|Any CPU.ActiveCfg = Debug|Any CPU
		{1453B13E-512D-4C87-93A0-86A1694E838F}.Debug|Any CPU.Build.0 = Debug|Any CPU
		{1453B13E-512D-4C87-93A0-86A1694E838F}.Release|Any CPU.ActiveCfg = Release|Any CPU
		{1453B13E-512D-4C87-93A0-86A1694E838F}.Release|Any CPU.Build.0 = Release|Any CPU
	EndGlobalSection
	GlobalSection(SolutionProperties) = preSolution
		HideSolutionNode = FALSE
	EndGlobalSection
	GlobalSection(ExtensibilityGlobals) = postSolution
		SolutionGuid = {BFFDF130-FCC9-4098-9E1E-A74CD2CCCCB3}
	EndGlobalSection
EndGlobal
